# This file is autogenerated, do not edit; changes may be undone by the next 'dep ensure'.


[[projects]]
  digest = "1:54841a823011a34356f108ae1c31eb00780d62edb9a95051b1559cecb0425fc6"
  name = "github.com/davecgh/go-spew"
  packages = ["spew"]
  pruneopts = ""
  revision = "6d212800a42e8ab5c146b8ace3490ee17e5225f9"

[[projects]]
  digest = "1:0a0df3841bb761226e2972450703e6e23ff657bca5df54f5fb9895ec9fbfa4fd"
  name = "github.com/golang/protobuf"
  packages = ["proto"]
  pruneopts = ""
  revision = "c9c7427a2a70d2eb3bafa0ab2dc163e45f143317"

[[projects]]
  branch = "master"
  digest = "1:1ed9eeebdf24aadfbca57eb50e6455bd1d2474525e0f0d4454de8c8e9bc7ee9a"
  name = "github.com/kr/logfmt"
  packages = ["."]
  pruneopts = ""
  revision = "b84e30acd515aadc4b783ad4ff83aff3299bdfe0"

[[projects]]
  branch = "master"
  digest = "1:cae59d7b8243c671c9f544965522ba35c0fec48ee80adb9f1400cd2f33abbbec"
  name = "github.com/mailru/easyjson"
  packages = [
    ".",
    "buffer",
    "jlexer",
    "jwriter",
  ]
  pruneopts = ""
  revision = "1ea4449da9834f4d333f1cc461c374aea217d249"

[[projects]]
  digest = "1:31ba63a60f9e41b5cbb6cce48f4756718bd514fe73a1c6ee2751ec8fbf6e109f"
  name = "github.com/pmezard/go-difflib"
  packages = ["difflib"]
  pruneopts = ""
  revision = "d8ed2627bdf02c080bf22230dbb337003b7aba2d"

[[projects]]
  branch = "master"
  digest = "1:ec0b4406ee4d860a33d6cf6748ec4c4546f6890e7c90d8fcf541e1ac7d9add91"
  name = "github.com/signalfx/com_signalfx_metrics_protobuf"
  packages = ["."]
  pruneopts = ""
  revision = "93e507b42f43f458a109ca278d1542a26a0b87fc"

[[projects]]
  branch = "master"
  digest = "1:970b1463f5a08bf6790ad497c47ffe87ca75d37f0dd76bd7cd24b1318900a93e"
  name = "github.com/signalfx/gohistogram"
  packages = ["."]
  pruneopts = ""
  revision = "1ccfd2ff508314074672f4450a917011a2060408"

[[projects]]
  digest = "1:3d52a2ff8fabf5cb15a88e8451a524af87f203c80ad8a33209fd52e15eaa4997"
  name = "github.com/signalfx/golib"
  packages = [
    "datapoint",
    "errors",
    "event",
    "eventcounter",
    "log",
    "sfxclient",
    "timekeeper",
    "trace",
    "trace/format",
  ]
  pruneopts = ""
  revision = "271e7b77c46c2cb201be901a302cb181a9d1645a"
  version = "v2.0.0"

[[projects]]
  digest = "1:3926a4ec9a4ff1a072458451aa2d9b98acd059a45b38f7335d31e06c3d6a0159"
  name = "github.com/stretchr/testify"
  packages = ["assert"]
  pruneopts = ""
  revision = "69483b4bd14f5845b5a1e55bca19e954e827f1d0"
  version = "v1.1.4"

[[projects]]
  branch = "master"
  digest = "1:dd275b17b08ad316ab1e69396a09085b65b0a728869bd406d0515f2f08ad4571"
  name = "github.com/xeipuuv/gojsonpointer"
  packages = ["."]
  pruneopts = ""
  revision = "6fe8760cad3569743d51ddbb243b26f8456742dc"

[[projects]]
  branch = "master"
  digest = "1:feb667646650e600036a4731f959e746eb755970fc2c8a3d54c66a0cde7ac69d"
  name = "github.com/xeipuuv/gojsonreference"
  packages = ["."]
  pruneopts = ""
  revision = "e02fc20de94c78484cd5ffb007f8af96be030a45"

[[projects]]
  branch = "master"
  digest = "1:c03d9f68b8205578f3d29fbba6c5d42dc9f8acaad8feb79e7d35015f905b9bec"
  name = "github.com/xeipuuv/gojsonschema"
  packages = ["."]
  pruneopts = ""
  revision = "354ad34c2300dd6e84920ac70b41487336219e43"

[[projects]]
  digest = "1:048740d09592ad3656d4cdd6a9919faa2718e58559b7ae372e0646d1d13af1aa"
  name = "golang.org/x/net"
  packages = ["context"]
  pruneopts = ""
  revision = "a6577fac2d73be281a500b310739095313165611"

[[projects]]
  digest = "1:a9b1b40dcd0669cad8298f6adeb0594aafe4ace369b4a8b3b6c4aa0932235ba8"
  name = "gopkg.in/Clever/kayvee-go.v6"
  packages = [
    ".",
    "logger",
    "router",
  ]
  pruneopts = ""
  revision = "118b7c792616cd1a5e0fdfcc429a2d642fd065de"
  version = "v6.20.0"

[[projects]]
  digest = "1:6a4a01d58b227c4b6b11111b9f172ec5c17682b82724e58e6daf3f19f4faccd8"
  name = "gopkg.in/logfmt.v0"
  packages = ["."]
  pruneopts = ""
  revision = "390ab7935ee28ec6b286364bba9b4dd6410cb3d5"
  version = "v0.3.0"

[[projects]]
  digest = "1:30f76632dada019142eee46cae3c6306a7cf41f69a51eb41bf1d7014256ab0f8"
  name = "gopkg.in/stack.v1"
  packages = ["."]
  pruneopts = ""
  revision = "7a2f19628aabfe68f0766b59e74d6315f8347d22"
  version = "v1.5.3"

[[projects]]
  branch = "v2"
  digest = "1:60ccede33d50c82c86e907255319a6f40dca4ac395e5ee143638176d3b871069"
  name = "gopkg.in/yaml.v2"
  packages = ["."]
  pruneopts = ""
  revision = "7b8349ac747c6a24702b762d2c4fd9266cf4f1d6"

[solve-meta]
  analyzer-name = "dep"
  analyzer-version = 1
  input-imports = [
    "github.com/davecgh/go-spew/spew",
    "github.com/golang/protobuf/proto",
    "github.com/kr/logfmt",
    "github.com/pmezard/go-difflib/difflib",
    "github.com/signalfx/com_signalfx_metrics_protobuf",
    "github.com/signalfx/gohistogram",
    "github.com/signalfx/golib/datapoint",
    "github.com/signalfx/golib/errors",
    "github.com/signalfx/golib/event",
    "github.com/signalfx/golib/eventcounter",
    "github.com/signalfx/golib/log",
    "github.com/signalfx/golib/sfxclient",
    "github.com/signalfx/golib/timekeeper",
    "github.com/stretchr/testify/assert",
    "github.com/xeipuuv/gojsonpointer",
    "github.com/xeipuuv/gojsonreference",
    "github.com/xeipuuv/gojsonschema",
    "golang.org/x/net/context",
    "gopkg.in/Clever/kayvee-go.v6",
    "gopkg.in/Clever/kayvee-go.v6/logger",
    "gopkg.in/Clever/kayvee-go.v6/router",
    "gopkg.in/logfmt.v0",
    "gopkg.in/stack.v1",
    "gopkg.in/yaml.v2",
  ]
  solver-name = "gps-cdcl"
  solver-version = 1
